
Microsoft Visual Studio Solution File, Format Version 12.00
# Visual Studio 15
VisualStudioVersion = 15.0.27428.2015
MinimumVisualStudioVersion = 10.0.40219.1
Project("{FAE04EC0-301F-11D3-BF4B-00C04F79EFBC}") = "avs-4-6", "oop 4-6\avs-4-6.csproj", "{ADC10B06-B9F5-4E27-BEB0-FA17D09FA8A9}"
EndProject
Global
	GlobalSection(SolutionConfigurationPlatforms) = preSolution
		Debug|Any CPU = Debug|Any CPU
		Release|Any CPU = Release|Any CPU
	EndGlobalSection
	GlobalSection(ProjectConfigurationPlatforms) = postSolution
		{ADC10B06-B9F5-4E27-BEB0-FA17D09FA8A9}.Debug|Any CPU.ActiveCfg = Debug|Any CPU
		{ADC10B06-B9F5-4E27-BEB0-FA17D09FA8A9}.Debug|Any CPU.Build.0 = Debug|Any CPU
		{ADC10B06-B9F5-4E27-BEB0-FA17D09FA8A9}.Release|Any CPU.ActiveCfg = Release|Any CPU
		{ADC10B06-B9F5-4E27-BEB0-FA17D09FA8A9}.Release|Any CPU.Build.0 = Release|Any CPU
	EndGlobalSection
	GlobalSection(SolutionProperties) = preSolution
		HideSolutionNode = FALSE
	EndGlobalSection
	GlobalSection(ExtensibilityGlobals) = postSolution
		SolutionGuid = {083C7F0D-2657-4EA8-8D4A-5D9241488900}
	EndGlobalSection
EndGlobal
